# THIS IS AN AUTOGENERATED FILE. DO NOT EDIT THIS FILE DIRECTLY.
# yarn lockfile v1


netlify-identity-widget@^1.9.1:
  version "1.9.1"
  resolved "https://registry.yarnpkg.com/netlify-identity-widget/-/netlify-identity-widget-1.9.1.tgz#9e716c4b92b9f0cc041074eb86fc962f35295b46"
  integrity sha512-9oIWjwUSdRk3SkREcZNjZaVuDDx9T/wSIXZNQsQeY4qoXic/FiXVEGgu2RU3IuA4OI3L2652xY1o+PpS03Ugaw==
